
Microsoft Visual Studio Solution File, Format Version 12.00
# Visual Studio Version 16
VisualStudioVersion = 16.0.32413.511
MinimumVisualStudioVersion = 10.0.40219.1
Project("{D954291E-2A0B-460D-934E-DC6B0785DB48}") = "PosUNo.Shared", "PosUNo\PosUNo.Shared\PosUNo.Shared.shproj", "{6279C845-92F8-4333-AB99-3D213163593C}"
EndProject
Project("{2150E333-8FDC-42A3-9474-1A3956D46DE8}") = "Platforms", "Platforms", "{2EF9719C-32FC-4188-B95F-0BC3D277AE63}"
EndProject
Project("{FAE04EC0-301F-11D3-BF4B-00C04F79EFBC}") = "PosUNo.Droid", "PosUNo\PosUNo.Droid\PosUNo.Droid.csproj", "{486ADCB3-D4B2-4CC7-B1F7-FCC248660D7F}"
EndProject
Project("{FAE04EC0-301F-11D3-BF4B-00C04F79EFBC}") = "PosUNo.iOS", "PosUNo\PosUNo.iOS\PosUNo.iOS.csproj", "{BA711F4D-8D90-4ADB-BF46-42C755C692A9}"
EndProject
Project("{FAE04EC0-301F-11D3-BF4B-00C04F79EFBC}") = "PosUNo.UWP", "PosUNo\PosUNo.UWP\PosUNo.UWP.csproj", "{0CB437FE-4866-48CC-BE6B-4962F5B55A7C}"
EndProject
Project("{FAE04EC0-301F-11D3-BF4B-00C04F79EFBC}") = "PosUNo.Wasm", "PosUNo\PosUNo.Wasm\PosUNo.Wasm.csproj", "{A70913A4-8081-4B60-880D-AF8DC2C1AD99}"
EndProject
Project("{FAE04EC0-301F-11D3-BF4B-00C04F79EFBC}") = "PosUNo.macOS", "PosUNo\PosUNo.macOS\PosUNo.macOS.csproj", "{754A0C7F-BF0B-46D6-BEDF-F1DCD314964A}"
EndProject
Project("{FAE04EC0-301F-11D3-BF4B-00C04F79EFBC}") = "PosUNo.Skia.Wpf.Host", "PosUNo\PosUNo.Skia.Wpf.Host\PosUNo.Skia.Wpf.Host.csproj", "{545F2B78-AE97-4E19-8755-D4CEC7CB1FBF}"
EndProject
Project("{FAE04EC0-301F-11D3-BF4B-00C04F79EFBC}") = "PosUNo.Skia.Wpf", "PosUNo\PosUNo.Skia.Wpf\PosUNo.Skia.Wpf.csproj", "{A14A0C35-AF76-474D-BAD6-39D7A4566D01}"
EndProject
Project("{FAE04EC0-301F-11D3-BF4B-00C04F79EFBC}") = "PosUNo.Skia.Gtk", "PosUNo\PosUNo.Skia.Gtk\PosUNo.Skia.Gtk.csproj", "{313AFDB6-552D-44CC-B4FE-1DC9FD72F9B1}"
EndProject
Project("{FAE04EC0-301F-11D3-BF4B-00C04F79EFBC}") = "PosUNo.Skia.Tizen", "PosUNo\PosUNo.Skia.Tizen\PosUNo.Skia.Tizen.csproj", "{4C49BDD3-94A8-453B-94DC-8AE5EB441045}"
EndProject
Project("{FAE04EC0-301F-11D3-BF4B-00C04F79EFBC}") = "PosUno.Api", "..\PosUno.Api\PosUno.Api.csproj", "{9AE478DC-03C7-41A4-A814-4162D6ADD883}"
EndProject
Global
	GlobalSection(SharedMSBuildProjectFiles) = preSolution
		PosUNo\PosUNo.Shared\PosUNo.Shared.projitems*{0cb437fe-4866-48cc-be6b-4962f5b55a7c}*SharedItemsImports = 4
		PosUNo\PosUNo.Shared\PosUNo.Shared.projitems*{313afdb6-552d-44cc-b4fe-1dc9fd72f9b1}*SharedItemsImports = 5
		PosUNo\PosUNo.Shared\PosUNo.Shared.projitems*{486adcb3-d4b2-4cc7-b1f7-fcc248660d7f}*SharedItemsImports = 4
		PosUNo\PosUNo.Shared\PosUNo.Shared.projitems*{4c49bdd3-94a8-453b-94dc-8ae5eb441045}*SharedItemsImports = 5
		PosUNo\PosUNo.Shared\PosUNo.Shared.projitems*{6279c845-92f8-4333-ab99-3d213163593c}*SharedItemsImports = 13
		PosUNo\PosUNo.Shared\PosUNo.Shared.projitems*{754a0c7f-bf0b-46d6-bedf-f1dcd314964a}*SharedItemsImports = 4
		PosUNo\PosUNo.Shared\PosUNo.Shared.projitems*{a14a0c35-af76-474d-bad6-39d7a4566d01}*SharedItemsImports = 5
		PosUNo\PosUNo.Shared\PosUNo.Shared.projitems*{a70913a4-8081-4b60-880d-af8dc2c1ad99}*SharedItemsImports = 5
		PosUNo\PosUNo.Shared\PosUNo.Shared.projitems*{ba711f4d-8d90-4adb-bf46-42c755c692a9}*SharedItemsImports = 4
	EndGlobalSection
	GlobalSection(SolutionConfigurationPlatforms) = preSolution
		Ad-Hoc|Any CPU = Ad-Hoc|Any CPU
		Ad-Hoc|ARM = Ad-Hoc|ARM
		Ad-Hoc|ARM64 = Ad-Hoc|ARM64
		Ad-Hoc|iPhone = Ad-Hoc|iPhone
		Ad-Hoc|iPhoneSimulator = Ad-Hoc|iPhoneSimulator
		Ad-Hoc|x64 = Ad-Hoc|x64
		Ad-Hoc|x86 = Ad-Hoc|x86
		AppStore|Any CPU = AppStore|Any CPU
		AppStore|ARM = AppStore|ARM
		AppStore|ARM64 = AppStore|ARM64
		AppStore|iPhone = AppStore|iPhone
		AppStore|iPhoneSimulator = AppStore|iPhoneSimulator
		AppStore|x64 = AppStore|x64
		AppStore|x86 = AppStore|x86
		Debug|Any CPU = Debug|Any CPU
		Debug|ARM = Debug|ARM
		Debug|ARM64 = Debug|ARM64
		Debug|iPhone = Debug|iPhone
		Debug|iPhoneSimulator = Debug|iPhoneSimulator
		Debug|x64 = Debug|x64
		Debug|x86 = Debug|x86
		Release|Any CPU = Release|Any CPU
		Release|ARM = Release|ARM
		Release|ARM64 = Release|ARM64
		Release|iPhone = Release|iPhone
		Release|iPhoneSimulator = Release|iPhoneSimulator
		Release|x64 = Release|x64
		Release|x86 = Release|x86
	EndGlobalSection
	GlobalSection(ProjectConfigurationPlatforms) = postSolution
		{486ADCB3-D4B2-4CC7-B1F7-FCC248660D7F}.Ad-Hoc|Any CPU.ActiveCfg = Debug|Any CPU
		{486ADCB3-D4B2-4CC7-B1F7-FCC248660D7F}.Ad-Hoc|Any CPU.Build.0 = Debug|Any CPU
		{486ADCB3-D4B2-4CC7-B1F7-FCC248660D7F}.Ad-Hoc|Any CPU.Deploy.0 = Debug|Any CPU
		{486ADCB3-D4B2-4CC7-B1F7-FCC248660D7F}.Ad-Hoc|ARM.ActiveCfg = Debug|Any CPU
		{486ADCB3-D4B2-4CC7-B1F7-FCC248660D7F}.Ad-Hoc|ARM.Build.0 = Debug|Any CPU
		{486ADCB3-D4B2-4CC7-B1F7-FCC248660D7F}.Ad-Hoc|ARM.Deploy.0 = Debug|Any CPU
		{486ADCB3-D4B2-4CC7-B1F7-FCC248660D7F}.Ad-Hoc|ARM64.ActiveCfg = Debug|Any CPU
		{486ADCB3-D4B2-4CC7-B1F7-FCC248660D7F}.Ad-Hoc|ARM64.Build.0 = Debug|Any CPU
		{486ADCB3-D4B2-4CC7-B1F7-FCC248660D7F}.Ad-Hoc|ARM64.Deploy.0 = Debug|Any CPU
		{486ADCB3-D4B2-4CC7-B1F7-FCC248660D7F}.Ad-Hoc|iPhone.ActiveCfg = Debug|Any CPU
		{486ADCB3-D4B2-4CC7-B1F7-FCC248660D7F}.Ad-Hoc|iPhone.Build.0 = Debug|Any CPU
		{486ADCB3-D4B2-4CC7-B1F7-FCC248660D7F}.Ad-Hoc|iPhone.Deploy.0 = Debug|Any CPU
		{486ADCB3-D4B2-4CC7-B1F7-FCC248660D7F}.Ad-Hoc|iPhoneSimulator.ActiveCfg = Debug|Any CPU
		{486ADCB3-D4B2-4CC7-B1F7-FCC248660D7F}.Ad-Hoc|iPhoneSimulator.Build.0 = Debug|Any CPU
		{486ADCB3-D4B2-4CC7-B1F7-FCC248660D7F}.Ad-Hoc|iPhoneSimulator.Deploy.0 = Debug|Any CPU
		{486ADCB3-D4B2-4CC7-B1F7-FCC248660D7F}.Ad-Hoc|x64.ActiveCfg = Debug|Any CPU
		{486ADCB3-D4B2-4CC7-B1F7-FCC248660D7F}.Ad-Hoc|x64.Build.0 = Debug|Any CPU
		{486ADCB3-D4B2-4CC7-B1F7-FCC248660D7F}.Ad-Hoc|x64.Deploy.0 = Debug|Any CPU
		{486ADCB3-D4B2-4CC7-B1F7-FCC248660D7F}.Ad-Hoc|x86.ActiveCfg = Debug|Any CPU
		{486ADCB3-D4B2-4CC7-B1F7-FCC248660D7F}.Ad-Hoc|x86.Build.0 = Debug|Any CPU
		{486ADCB3-D4B2-4CC7-B1F7-FCC248660D7F}.Ad-Hoc|x86.Deploy.0 = Debug|Any CPU
		{486ADCB3-D4B2-4CC7-B1F7-FCC248660D7F}.AppStore|Any CPU.ActiveCfg = Debug|Any CPU
		{486ADCB3-D4B2-4CC7-B1F7-FCC248660D7F}.AppStore|Any CPU.Build.0 = Debug|Any CPU
		{486ADCB3-D4B2-4CC7-B1F7-FCC248660D7F}.AppStore|Any CPU.Deploy.0 = Debug|Any CPU
		{486ADCB3-D4B2-4CC7-B1F7-FCC248660D7F}.AppStore|ARM.ActiveCfg = Debug|Any CPU
		{486ADCB3-D4B2-4CC7-B1F7-FCC248660D7F}.AppStore|ARM.Build.0 = Debug|Any CPU
		{486ADCB3-D4B2-4CC7-B1F7-FCC248660D7F}.AppStore|ARM.Deploy.0 = Debug|Any CPU
		{486ADCB3-D4B2-4CC7-B1F7-FCC248660D7F}.AppStore|ARM64.ActiveCfg = Debug|Any CPU
		{486ADCB3-D4B2-4CC7-B1F7-FCC248660D7F}.AppStore|ARM64.Build.0 = Debug|Any CPU
		{486ADCB3-D4B2-4CC7-B1F7-FCC248660D7F}.AppStore|ARM64.Deploy.0 = Debug|Any CPU
		{486ADCB3-D4B2-4CC7-B1F7-FCC248660D7F}.AppStore|iPhone.ActiveCfg = Debug|Any CPU
		{486ADCB3-D4B2-4CC7-B1F7-FCC248660D7F}.AppStore|iPhone.Build.0 = Debug|Any CPU
		{486ADCB3-D4B2-4CC7-B1F7-FCC248660D7F}.AppStore|iPhone.Deploy.0 = Debug|Any CPU
		{486ADCB3-D4B2-4CC7-B1F7-FCC248660D7F}.AppStore|iPhoneSimulator.ActiveCfg = Debug|Any CPU
		{486ADCB3-D4B2-4CC7-B1F7-FCC248660D7F}.AppStore|iPhoneSimulator.Build.0 = Debug|Any CPU
		{486ADCB3-D4B2-4CC7-B1F7-FCC248660D7F}.AppStore|iPhoneSimulator.Deploy.0 = Debug|Any CPU
		{486ADCB3-D4B2-4CC7-B1F7-FCC248660D7F}.AppStore|x64.ActiveCfg = Debug|Any CPU
		{486ADCB3-D4B2-4CC7-B1F7-FCC248660D7F}.AppStore|x64.Build.0 = Debug|Any CPU
		{486ADCB3-D4B2-4CC7-B1F7-FCC248660D7F}.AppStore|x64.Deploy.0 = Debug|Any CPU
		{486ADCB3-D4B2-4CC7-B1F7-FCC248660D7F}.AppStore|x86.ActiveCfg = Debug|Any CPU
		{486ADCB3-D4B2-4CC7-B1F7-FCC248660D7F}.AppStore|x86.Build.0 = Debug|Any CPU
		{486ADCB3-D4B2-4CC7-B1F7-FCC248660D7F}.AppStore|x86.Deploy.0 = Debug|Any CPU
		{486ADCB3-D4B2-4CC7-B1F7-FCC248660D7F}.Debug|Any CPU.ActiveCfg = Debug|Any CPU
		{486ADCB3-D4B2-4CC7-B1F7-FCC248660D7F}.Debug|Any CPU.Build.0 = Debug|Any CPU
		{486ADCB3-D4B2-4CC7-B1F7-FCC248660D7F}.Debug|Any CPU.Deploy.0 = Debug|Any CPU
		{486ADCB3-D4B2-4CC7-B1F7-FCC248660D7F}.Debug|ARM.ActiveCfg = Debug|Any CPU
		{486ADCB3-D4B2-4CC7-B1F7-FCC248660D7F}.Debug|ARM.Build.0 = Debug|Any CPU
		{486ADCB3-D4B2-4CC7-B1F7-FCC248660D7F}.Debug|ARM.Deploy.0 = Debug|Any CPU
		{486ADCB3-D4B2-4CC7-B1F7-FCC248660D7F}.Debug|ARM64.ActiveCfg = Debug|Any CPU
		{486ADCB3-D4B2-4CC7-B1F7-FCC248660D7F}.Debug|ARM64.Build.0 = Debug|Any CPU
		{486ADCB3-D4B2-4CC7-B1F7-FCC248660D7F}.Debug|ARM64.Deploy.0 = Debug|Any CPU
		{486ADCB3-D4B2-4CC7-B1F7-FCC248660D7F}.Debug|iPhone.ActiveCfg = Debug|Any CPU
		{486ADCB3-D4B2-4CC7-B1F7-FCC248660D7F}.Debug|iPhone.Build.0 = Debug|Any CPU
		{486ADCB3-D4B2-4CC7-B1F7-FCC248660D7F}.Debug|iPhone.Deploy.0 = Debug|Any CPU
		{486ADCB3-D4B2-4CC7-B1F7-FCC248660D7F}.Debug|iPhoneSimulator.ActiveCfg = Debug|Any CPU
		{486ADCB3-D4B2-4CC7-B1F7-FCC248660D7F}.Debug|iPhoneSimulator.Build.0 = Debug|Any CPU
		{486ADCB3-D4B2-4CC7-B1F7-FCC248660D7F}.Debug|iPhoneSimulator.Deploy.0 = Debug|Any CPU
		{486ADCB3-D4B2-4CC7-B1F7-FCC248660D7F}.Debug|x64.ActiveCfg = Debug|Any CPU
		{486ADCB3-D4B2-4CC7-B1F7-FCC248660D7F}.Debug|x64.Build.0 = Debug|Any CPU
		{486ADCB3-D4B2-4CC7-B1F7-FCC248660D7F}.Debug|x64.Deploy.0 = Debug|Any CPU
		{486ADCB3-D4B2-4CC7-B1F7-FCC248660D7F}.Debug|x86.ActiveCfg = Debug|Any CPU
		{486ADCB3-D4B2-4CC7-B1F7-FCC248660D7F}.Debug|x86.Build.0 = Debug|Any CPU
		{486ADCB3-D4B2-4CC7-B1F7-FCC248660D7F}.Debug|x86.Deploy.0 = Debug|Any CPU
		{486ADCB3-D4B2-4CC7-B1F7-FCC248660D7F}.Release|Any CPU.ActiveCfg = Release|Any CPU
		{486ADCB3-D4B2-4CC7-B1F7-FCC248660D7F}.Release|Any CPU.Build.0 = Release|Any CPU
		{486ADCB3-D4B2-4CC7-B1F7-FCC248660D7F}.Release|Any CPU.Deploy.0 = Release|Any CPU
		{486ADCB3-D4B2-4CC7-B1F7-FCC248660D7F}.Release|ARM.ActiveCfg = Release|Any CPU
		{486ADCB3-D4B2-4CC7-B1F7-FCC248660D7F}.Release|ARM.Build.0 = Release|Any CPU
		{486ADCB3-D4B2-4CC7-B1F7-FCC248660D7F}.Release|ARM.Deploy.0 = Release|Any CPU
		{486ADCB3-D4B2-4CC7-B1F7-FCC248660D7F}.Release|ARM64.ActiveCfg = Release|Any CPU
		{486ADCB3-D4B2-4CC7-B1F7-FCC248660D7F}.Release|ARM64.Build.0 = Release|Any CPU
		{486ADCB3-D4B2-4CC7-B1F7-FCC248660D7F}.Release|ARM64.Deploy.0 = Release|Any CPU
		{486ADCB3-D4B2-4CC7-B1F7-FCC248660D7F}.Release|iPhone.ActiveCfg = Release|Any CPU
		{486ADCB3-D4B2-4CC7-B1F7-FCC248660D7F}.Release|iPhone.Build.0 = Release|Any CPU
		{486ADCB3-D4B2-4CC7-B1F7-FCC248660D7F}.Release|iPhone.Deploy.0 = Release|Any CPU
		{486ADCB3-D4B2-4CC7-B1F7-FCC248660D7F}.Release|iPhoneSimulator.ActiveCfg = Release|Any CPU
		{486ADCB3-D4B2-4CC7-B1F7-FCC248660D7F}.Release|iPhoneSimulator.Build.0 = Release|Any CPU
		{486ADCB3-D4B2-4CC7-B1F7-FCC248660D7F}.Release|iPhoneSimulator.Deploy.0 = Release|Any CPU
		{486ADCB3-D4B2-4CC7-B1F7-FCC248660D7F}.Release|x64.ActiveCfg = Release|Any CPU
		{486ADCB3-D4B2-4CC7-B1F7-FCC248660D7F}.Release|x64.Build.0 = Release|Any CPU
		{486ADCB3-D4B2-4CC7-B1F7-FCC248660D7F}.Release|x64.Deploy.0 = Release|Any CPU
		{486ADCB3-D4B2-4CC7-B1F7-FCC248660D7F}.Release|x86.ActiveCfg = Release|Any CPU
		{486ADCB3-D4B2-4CC7-B1F7-FCC248660D7F}.Release|x86.Build.0 = Release|Any CPU
		{486ADCB3-D4B2-4CC7-B1F7-FCC248660D7F}.Release|x86.Deploy.0 = Release|Any CPU
		{BA711F4D-8D90-4ADB-BF46-42C755C692A9}.Ad-Hoc|Any CPU.ActiveCfg = Ad-Hoc|iPhoneSimulator
		{BA711F4D-8D90-4ADB-BF46-42C755C692A9}.Ad-Hoc|ARM.ActiveCfg = Ad-Hoc|iPhoneSimulator
		{BA711F4D-8D90-4ADB-BF46-42C755C692A9}.Ad-Hoc|ARM64.ActiveCfg = Ad-Hoc|iPhoneSimulator
		{BA711F4D-8D90-4ADB-BF46-42C755C692A9}.Ad-Hoc|iPhone.ActiveCfg = Ad-Hoc|iPhone
		{BA711F4D-8D90-4ADB-BF46-42C755C692A9}.Ad-Hoc|iPhone.Build.0 = Ad-Hoc|iPhone
		{BA711F4D-8D90-4ADB-BF46-42C755C692A9}.Ad-Hoc|iPhoneSimulator.ActiveCfg = Ad-Hoc|iPhoneSimulator
		{BA711F4D-8D90-4ADB-BF46-42C755C692A9}.Ad-Hoc|iPhoneSimulator.Build.0 = Ad-Hoc|iPhoneSimulator
		{BA711F4D-8D90-4ADB-BF46-42C755C692A9}.Ad-Hoc|x64.ActiveCfg = Ad-Hoc|iPhoneSimulator
		{BA711F4D-8D90-4ADB-BF46-42C755C692A9}.Ad-Hoc|x86.ActiveCfg = Ad-Hoc|iPhoneSimulator
		{BA711F4D-8D90-4ADB-BF46-42C755C692A9}.AppStore|Any CPU.ActiveCfg = AppStore|iPhoneSimulator
		{BA711F4D-8D90-4ADB-BF46-42C755C692A9}.AppStore|ARM.ActiveCfg = AppStore|iPhoneSimulator
		{BA711F4D-8D90-4ADB-BF46-42C755C692A9}.AppStore|ARM64.ActiveCfg = AppStore|iPhoneSimulator
		{BA711F4D-8D90-4ADB-BF46-42C755C692A9}.AppStore|iPhone.ActiveCfg = AppStore|iPhone
		{BA711F4D-8D90-4ADB-BF46-42C755C692A9}.AppStore|iPhone.Build.0 = AppStore|iPhone
		{BA711F4D-8D90-4ADB-BF46-42C755C692A9}.AppStore|iPhoneSimulator.ActiveCfg = AppStore|iPhoneSimulator
		{BA711F4D-8D90-4ADB-BF46-42C755C692A9}.AppStore|iPhoneSimulator.Build.0 = AppStore|iPhoneSimulator
		{BA711F4D-8D90-4ADB-BF46-42C755C692A9}.AppStore|x64.ActiveCfg = AppStore|iPhoneSimulator
		{BA711F4D-8D90-4ADB-BF46-42C755C692A9}.AppStore|x86.ActiveCfg = AppStore|iPhoneSimulator
		{BA711F4D-8D90-4ADB-BF46-42C755C692A9}.Debug|Any CPU.ActiveCfg = Debug|iPhoneSimulator
		{BA711F4D-8D90-4ADB-BF46-42C755C692A9}.Debug|ARM.ActiveCfg = Debug|iPhoneSimulator
		{BA711F4D-8D90-4ADB-BF46-42C755C692A9}.Debug|ARM64.ActiveCfg = Debug|iPhoneSimulator
		{BA711F4D-8D90-4ADB-BF46-42C755C692A9}.Debug|iPhone.ActiveCfg = Debug|iPhone
		{BA711F4D-8D90-4ADB-BF46-42C755C692A9}.Debug|iPhone.Build.0 = Debug|iPhone
		{BA711F4D-8D90-4ADB-BF46-42C755C692A9}.Debug|iPhoneSimulator.ActiveCfg = Debug|iPhoneSimulator
		{BA711F4D-8D90-4ADB-BF46-42C755C692A9}.Debug|iPhoneSimulator.Build.0 = Debug|iPhoneSimulator
		{BA711F4D-8D90-4ADB-BF46-42C755C692A9}.Debug|x64.ActiveCfg = Debug|iPhoneSimulator
		{BA711F4D-8D90-4ADB-BF46-42C755C692A9}.Debug|x86.ActiveCfg = Debug|iPhoneSimulator
		{BA711F4D-8D90-4ADB-BF46-42C755C692A9}.Release|Any CPU.ActiveCfg = Release|iPhoneSimulator
		{BA711F4D-8D90-4ADB-BF46-42C755C692A9}.Release|ARM.ActiveCfg = Release|iPhoneSimulator
		{BA711F4D-8D90-4ADB-BF46-42C755C692A9}.Release|ARM64.ActiveCfg = Release|iPhoneSimulator
		{BA711F4D-8D90-4ADB-BF46-42C755C692A9}.Release|iPhone.ActiveCfg = Release|iPhone
		{BA711F4D-8D90-4ADB-BF46-42C755C692A9}.Release|iPhone.Build.0 = Release|iPhone
		{BA711F4D-8D90-4ADB-BF46-42C755C692A9}.Release|iPhoneSimulator.ActiveCfg = Release|iPhoneSimulator
		{BA711F4D-8D90-4ADB-BF46-42C755C692A9}.Release|iPhoneSimulator.Build.0 = Release|iPhoneSimulator
		{BA711F4D-8D90-4ADB-BF46-42C755C692A9}.Release|x64.ActiveCfg = Release|iPhoneSimulator
		{BA711F4D-8D90-4ADB-BF46-42C755C692A9}.Release|x86.ActiveCfg = Release|iPhoneSimulator
		{0CB437FE-4866-48CC-BE6B-4962F5B55A7C}.Ad-Hoc|Any CPU.ActiveCfg = Debug|x86
		{0CB437FE-4866-48CC-BE6B-4962F5B55A7C}.Ad-Hoc|Any CPU.Build.0 = Debug|x86
		{0CB437FE-4866-48CC-BE6B-4962F5B55A7C}.Ad-Hoc|Any CPU.Deploy.0 = Debug|x86
		{0CB437FE-4866-48CC-BE6B-4962F5B55A7C}.Ad-Hoc|ARM.ActiveCfg = Debug|ARM
		{0CB437FE-4866-48CC-BE6B-4962F5B55A7C}.Ad-Hoc|ARM.Build.0 = Debug|ARM
		{0CB437FE-4866-48CC-BE6B-4962F5B55A7C}.Ad-Hoc|ARM.Deploy.0 = Debug|ARM
		{0CB437FE-4866-48CC-BE6B-4962F5B55A7C}.Ad-Hoc|ARM64.ActiveCfg = Debug|ARM64
		{0CB437FE-4866-48CC-BE6B-4962F5B55A7C}.Ad-Hoc|ARM64.Build.0 = Debug|ARM64
		{0CB437FE-4866-48CC-BE6B-4962F5B55A7C}.Ad-Hoc|ARM64.Deploy.0 = Debug|ARM64
		{0CB437FE-4866-48CC-BE6B-4962F5B55A7C}.Ad-Hoc|iPhone.ActiveCfg = Debug|x86
		{0CB437FE-4866-48CC-BE6B-4962F5B55A7C}.Ad-Hoc|iPhone.Build.0 = Debug|x86
		{0CB437FE-4866-48CC-BE6B-4962F5B55A7C}.Ad-Hoc|iPhone.Deploy.0 = Debug|x86
		{0CB437FE-4866-48CC-BE6B-4962F5B55A7C}.Ad-Hoc|iPhoneSimulator.ActiveCfg = Debug|x86
		{0CB437FE-4866-48CC-BE6B-4962F5B55A7C}.Ad-Hoc|iPhoneSimulator.Build.0 = Debug|x86
		{0CB437FE-4866-48CC-BE6B-4962F5B55A7C}.Ad-Hoc|iPhoneSimulator.Deploy.0 = Debug|x86
		{0CB437FE-4866-48CC-BE6B-4962F5B55A7C}.Ad-Hoc|x64.ActiveCfg = Debug|x64
		{0CB437FE-4866-48CC-BE6B-4962F5B55A7C}.Ad-Hoc|x64.Build.0 = Debug|x64
		{0CB437FE-4866-48CC-BE6B-4962F5B55A7C}.Ad-Hoc|x64.Deploy.0 = Debug|x64
		{0CB437FE-4866-48CC-BE6B-4962F5B55A7C}.Ad-Hoc|x86.ActiveCfg = Debug|x86
		{0CB437FE-4866-48CC-BE6B-4962F5B55A7C}.Ad-Hoc|x86.Build.0 = Debug|x86
		{0CB437FE-4866-48CC-BE6B-4962F5B55A7C}.Ad-Hoc|x86.Deploy.0 = Debug|x86
		{0CB437FE-4866-48CC-BE6B-4962F5B55A7C}.AppStore|Any CPU.ActiveCfg = Debug|x86
		{0CB437FE-4866-48CC-BE6B-4962F5B55A7C}.AppStore|Any CPU.Build.0 = Debug|x86
		{0CB437FE-4866-48CC-BE6B-4962F5B55A7C}.AppStore|Any CPU.Deploy.0 = Debug|x86
		{0CB437FE-4866-48CC-BE6B-4962F5B55A7C}.AppStore|ARM.ActiveCfg = Debug|ARM
		{0CB437FE-4866-48CC-BE6B-4962F5B55A7C}.AppStore|ARM.Build.0 = Debug|ARM
		{0CB437FE-4866-48CC-BE6B-4962F5B55A7C}.AppStore|ARM.Deploy.0 = Debug|ARM
		{0CB437FE-4866-48CC-BE6B-4962F5B55A7C}.AppStore|ARM64.ActiveCfg = Debug|ARM64
		{0CB437FE-4866-48CC-BE6B-4962F5B55A7C}.AppStore|ARM64.Build.0 = Debug|ARM64
		{0CB437FE-4866-48CC-BE6B-4962F5B55A7C}.AppStore|ARM64.Deploy.0 = Debug|ARM64
		{0CB437FE-4866-48CC-BE6B-4962F5B55A7C}.AppStore|iPhone.ActiveCfg = Debug|x86
		{0CB437FE-4866-48CC-BE6B-4962F5B55A7C}.AppStore|iPhone.Build.0 = Debug|x86
		{0CB437FE-4866-48CC-BE6B-4962F5B55A7C}.AppStore|iPhone.Deploy.0 = Debug|x86
		{0CB437FE-4866-48CC-BE6B-4962F5B55A7C}.AppStore|iPhoneSimulator.ActiveCfg = Debug|x86
		{0CB437FE-4866-48CC-BE6B-4962F5B55A7C}.AppStore|iPhoneSimulator.Build.0 = Debug|x86
		{0CB437FE-4866-48CC-BE6B-4962F5B55A7C}.AppStore|iPhoneSimulator.Deploy.0 = Debug|x86
		{0CB437FE-4866-48CC-BE6B-4962F5B55A7C}.AppStore|x64.ActiveCfg = Debug|x64
		{0CB437FE-4866-48CC-BE6B-4962F5B55A7C}.AppStore|x64.Build.0 = Debug|x64
		{0CB437FE-4866-48CC-BE6B-4962F5B55A7C}.AppStore|x64.Deploy.0 = Debug|x64
		{0CB437FE-4866-48CC-BE6B-4962F5B55A7C}.AppStore|x86.ActiveCfg = Debug|x86
		{0CB437FE-4866-48CC-BE6B-4962F5B55A7C}.AppStore|x86.Build.0 = Debug|x86
		{0CB437FE-4866-48CC-BE6B-4962F5B55A7C}.AppStore|x86.Deploy.0 = Debug|x86
		{0CB437FE-4866-48CC-BE6B-4962F5B55A7C}.Debug|Any CPU.ActiveCfg = Debug|x86
		{0CB437FE-4866-48CC-BE6B-4962F5B55A7C}.Debug|Any CPU.Build.0 = Debug|x86
		{0CB437FE-4866-48CC-BE6B-4962F5B55A7C}.Debug|Any CPU.Deploy.0 = Debug|x86
		{0CB437FE-4866-48CC-BE6B-4962F5B55A7C}.Debug|ARM.ActiveCfg = Debug|ARM
		{0CB437FE-4866-48CC-BE6B-4962F5B55A7C}.Debug|ARM.Build.0 = Debug|ARM
		{0CB437FE-4866-48CC-BE6B-4962F5B55A7C}.Debug|ARM.Deploy.0 = Debug|ARM
		{0CB437FE-4866-48CC-BE6B-4962F5B55A7C}.Debug|ARM64.ActiveCfg = Debug|ARM64
		{0CB437FE-4866-48CC-BE6B-4962F5B55A7C}.Debug|ARM64.Build.0 = Debug|ARM64
		{0CB437FE-4866-48CC-BE6B-4962F5B55A7C}.Debug|ARM64.Deploy.0 = Debug|ARM64
		{0CB437FE-4866-48CC-BE6B-4962F5B55A7C}.Debug|iPhone.ActiveCfg = Debug|x86
		{0CB437FE-4866-48CC-BE6B-4962F5B55A7C}.Debug|iPhoneSimulator.ActiveCfg = Debug|x86
		{0CB437FE-4866-48CC-BE6B-4962F5B55A7C}.Debug|x64.ActiveCfg = Debug|x64
		{0CB437FE-4866-48CC-BE6B-4962F5B55A7C}.Debug|x64.Build.0 = Debug|x64
		{0CB437FE-4866-48CC-BE6B-4962F5B55A7C}.Debug|x64.Deploy.0 = Debug|x64
		{0CB437FE-4866-48CC-BE6B-4962F5B55A7C}.Debug|x86.ActiveCfg = Debug|x86
		{0CB437FE-4866-48CC-BE6B-4962F5B55A7C}.Debug|x86.Build.0 = Debug|x86
		{0CB437FE-4866-48CC-BE6B-4962F5B55A7C}.Debug|x86.Deploy.0 = Debug|x86
		{0CB437FE-4866-48CC-BE6B-4962F5B55A7C}.Release|Any CPU.ActiveCfg = Release|x86
		{0CB437FE-4866-48CC-BE6B-4962F5B55A7C}.Release|ARM.ActiveCfg = Release|ARM
		{0CB437FE-4866-48CC-BE6B-4962F5B55A7C}.Release|ARM.Build.0 = Release|ARM
		{0CB437FE-4866-48CC-BE6B-4962F5B55A7C}.Release|ARM.Deploy.0 = Release|ARM
		{0CB437FE-4866-48CC-BE6B-4962F5B55A7C}.Release|ARM64.ActiveCfg = Release|ARM64
		{0CB437FE-4866-48CC-BE6B-4962F5B55A7C}.Release|ARM64.Build.0 = Release|ARM64
		{0CB437FE-4866-48CC-BE6B-4962F5B55A7C}.Release|ARM64.Deploy.0 = Release|ARM64
		{0CB437FE-4866-48CC-BE6B-4962F5B55A7C}.Release|iPhone.ActiveCfg = Release|x86
		{0CB437FE-4866-48CC-BE6B-4962F5B55A7C}.Release|iPhoneSimulator.ActiveCfg = Release|x86
		{0CB437FE-4866-48CC-BE6B-4962F5B55A7C}.Release|x64.ActiveCfg = Release|x64
		{0CB437FE-4866-48CC-BE6B-4962F5B55A7C}.Release|x64.Build.0 = Release|x64
		{0CB437FE-4866-48CC-BE6B-4962F5B55A7C}.Release|x64.Deploy.0 = Release|x64
		{0CB437FE-4866-48CC-BE6B-4962F5B55A7C}.Release|x86.ActiveCfg = Release|x86
		{0CB437FE-4866-48CC-BE6B-4962F5B55A7C}.Release|x86.Build.0 = Release|x86
		{0CB437FE-4866-48CC-BE6B-4962F5B55A7C}.Release|x86.Deploy.0 = Release|x86
		{A70913A4-8081-4B60-880D-AF8DC2C1AD99}.Ad-Hoc|Any CPU.ActiveCfg = Debug|Any CPU
		{A70913A4-8081-4B60-880D-AF8DC2C1AD99}.Ad-Hoc|Any CPU.Build.0 = Debug|Any CPU
		{A70913A4-8081-4B60-880D-AF8DC2C1AD99}.Ad-Hoc|ARM.ActiveCfg = Debug|Any CPU
		{A70913A4-8081-4B60-880D-AF8DC2C1AD99}.Ad-Hoc|ARM.Build.0 = Debug|Any CPU
		{A70913A4-8081-4B60-880D-AF8DC2C1AD99}.Ad-Hoc|ARM64.ActiveCfg = Debug|Any CPU
		{A70913A4-8081-4B60-880D-AF8DC2C1AD99}.Ad-Hoc|ARM64.Build.0 = Debug|Any CPU
		{A70913A4-8081-4B60-880D-AF8DC2C1AD99}.Ad-Hoc|iPhone.ActiveCfg = Debug|Any CPU
		{A70913A4-8081-4B60-880D-AF8DC2C1AD99}.Ad-Hoc|iPhone.Build.0 = Debug|Any CPU
		{A70913A4-8081-4B60-880D-AF8DC2C1AD99}.Ad-Hoc|iPhoneSimulator.ActiveCfg = Debug|Any CPU
		{A70913A4-8081-4B60-880D-AF8DC2C1AD99}.Ad-Hoc|iPhoneSimulator.Build.0 = Debug|Any CPU
		{A70913A4-8081-4B60-880D-AF8DC2C1AD99}.Ad-Hoc|x64.ActiveCfg = Debug|Any CPU
		{A70913A4-8081-4B60-880D-AF8DC2C1AD99}.Ad-Hoc|x64.Build.0 = Debug|Any CPU
		{A70913A4-8081-4B60-880D-AF8DC2C1AD99}.Ad-Hoc|x86.ActiveCfg = Debug|Any CPU
		{A70913A4-8081-4B60-880D-AF8DC2C1AD99}.Ad-Hoc|x86.Build.0 = Debug|Any CPU
		{A70913A4-8081-4B60-880D-AF8DC2C1AD99}.AppStore|Any CPU.ActiveCfg = Debug|Any CPU
		{A70913A4-8081-4B60-880D-AF8DC2C1AD99}.AppStore|Any CPU.Build.0 = Debug|Any CPU
		{A70913A4-8081-4B60-880D-AF8DC2C1AD99}.AppStore|ARM.ActiveCfg = Debug|Any CPU
		{A70913A4-8081-4B60-880D-AF8DC2C1AD99}.AppStore|ARM.Build.0 = Debug|Any CPU
		{A70913A4-8081-4B60-880D-AF8DC2C1AD99}.AppStore|ARM64.ActiveCfg = Debug|Any CPU
		{A70913A4-8081-4B60-880D-AF8DC2C1AD99}.AppStore|ARM64.Build.0 = Debug|Any CPU
		{A70913A4-8081-4B60-880D-AF8DC2C1AD99}.AppStore|iPhone.ActiveCfg = Debug|Any CPU
		{A70913A4-8081-4B60-880D-AF8DC2C1AD99}.AppStore|iPhone.Build.0 = Debug|Any CPU
		{A70913A4-8081-4B60-880D-AF8DC2C1AD99}.AppStore|iPhoneSimulator.ActiveCfg = Debug|Any CPU
		{A70913A4-8081-4B60-880D-AF8DC2C1AD99}.AppStore|iPhoneSimulator.Build.0 = Debug|Any CPU
		{A70913A4-8081-4B60-880D-AF8DC2C1AD99}.AppStore|x64.ActiveCfg = Debug|Any CPU
		{A70913A4-8081-4B60-880D-AF8DC2C1AD99}.AppStore|x64.Build.0 = Debug|Any CPU
		{A70913A4-8081-4B60-880D-AF8DC2C1AD99}.AppStore|x86.ActiveCfg = Debug|Any CPU
		{A70913A4-8081-4B60-880D-AF8DC2C1AD99}.AppStore|x86.Build.0 = Debug|Any CPU
		{A70913A4-8081-4B60-880D-AF8DC2C1AD99}.Debug|Any CPU.ActiveCfg = Debug|Any CPU
		{A70913A4-8081-4B60-880D-AF8DC2C1AD99}.Debug|Any CPU.Build.0 = Debug|Any CPU
		{A70913A4-8081-4B60-880D-AF8DC2C1AD99}.Debug|ARM.ActiveCfg = Debug|Any CPU
		{A70913A4-8081-4B60-880D-AF8DC2C1AD99}.Debug|ARM.Build.0 = Debug|Any CPU
		{A70913A4-8081-4B60-880D-AF8DC2C1AD99}.Debug|ARM64.ActiveCfg = Debug|Any CPU
		{A70913A4-8081-4B60-880D-AF8DC2C1AD99}.Debug|ARM64.Build.0 = Debug|Any CPU
		{A70913A4-8081-4B60-880D-AF8DC2C1AD99}.Debug|iPhone.ActiveCfg = Debug|Any CPU
		{A70913A4-8081-4B60-880D-AF8DC2C1AD99}.Debug|iPhone.Build.0 = Debug|Any CPU
		{A70913A4-8081-4B60-880D-AF8DC2C1AD99}.Debug|iPhoneSimulator.ActiveCfg = Debug|Any CPU
		{A70913A4-8081-4B60-880D-AF8DC2C1AD99}.Debug|iPhoneSimulator.Build.0 = Debug|Any CPU
		{A70913A4-8081-4B60-880D-AF8DC2C1AD99}.Debug|x64.ActiveCfg = Debug|Any CPU
		{A70913A4-8081-4B60-880D-AF8DC2C1AD99}.Debug|x64.Build.0 = Debug|Any CPU
		{A70913A4-8081-4B60-880D-AF8DC2C1AD99}.Debug|x86.ActiveCfg = Debug|Any CPU
		{A70913A4-8081-4B60-880D-AF8DC2C1AD99}.Debug|x86.Build.0 = Debug|Any CPU
		{A70913A4-8081-4B60-880D-AF8DC2C1AD99}.Release|Any CPU.ActiveCfg = Release|Any CPU
		{A70913A4-8081-4B60-880D-AF8DC2C1AD99}.Release|Any CPU.Build.0 = Release|Any CPU
		{A70913A4-8081-4B60-880D-AF8DC2C1AD99}.Release|ARM.ActiveCfg = Release|Any CPU
		{A70913A4-8081-4B60-880D-AF8DC2C1AD99}.Release|ARM.Build.0 = Release|Any CPU
		{A70913A4-8081-4B60-880D-AF8DC2C1AD99}.Release|ARM64.ActiveCfg = Release|Any CPU
		{A70913A4-8081-4B60-880D-AF8DC2C1AD99}.Release|ARM64.Build.0 = Release|Any CPU
		{A70913A4-8081-4B60-880D-AF8DC2C1AD99}.Release|iPhone.ActiveCfg = Release|Any CPU
		{A70913A4-8081-4B60-880D-AF8DC2C1AD99}.Release|iPhone.Build.0 = Release|Any CPU
		{A70913A4-8081-4B60-880D-AF8DC2C1AD99}.Release|iPhoneSimulator.ActiveCfg = Release|Any CPU
		{A70913A4-8081-4B60-880D-AF8DC2C1AD99}.Release|iPhoneSimulator.Build.0 = Release|Any CPU
		{A70913A4-8081-4B60-880D-AF8DC2C1AD99}.Release|x64.ActiveCfg = Release|Any CPU
		{A70913A4-8081-4B60-880D-AF8DC2C1AD99}.Release|x64.Build.0 = Release|Any CPU
		{A70913A4-8081-4B60-880D-AF8DC2C1AD99}.Release|x86.ActiveCfg = Release|Any CPU
		{A70913A4-8081-4B60-880D-AF8DC2C1AD99}.Release|x86.Build.0 = Release|Any CPU
		{754A0C7F-BF0B-46D6-BEDF-F1DCD314964A}.Ad-Hoc|Any CPU.ActiveCfg = Debug|iPhoneSimulator
		{754A0C7F-BF0B-46D6-BEDF-F1DCD314964A}.Ad-Hoc|Any CPU.Build.0 = Debug|iPhoneSimulator
		{754A0C7F-BF0B-46D6-BEDF-F1DCD314964A}.Ad-Hoc|ARM.ActiveCfg = Debug|iPhoneSimulator
		{754A0C7F-BF0B-46D6-BEDF-F1DCD314964A}.Ad-Hoc|ARM.Build.0 = Debug|iPhoneSimulator
		{754A0C7F-BF0B-46D6-BEDF-F1DCD314964A}.Ad-Hoc|ARM64.ActiveCfg = Debug|iPhoneSimulator
		{754A0C7F-BF0B-46D6-BEDF-F1DCD314964A}.Ad-Hoc|ARM64.Build.0 = Debug|iPhoneSimulator
		{754A0C7F-BF0B-46D6-BEDF-F1DCD314964A}.Ad-Hoc|iPhone.ActiveCfg = Debug|iPhoneSimulator
		{754A0C7F-BF0B-46D6-BEDF-F1DCD314964A}.Ad-Hoc|iPhone.Build.0 = Debug|iPhoneSimulator
		{754A0C7F-BF0B-46D6-BEDF-F1DCD314964A}.Ad-Hoc|iPhoneSimulator.ActiveCfg = Debug|iPhoneSimulator
		{754A0C7F-BF0B-46D6-BEDF-F1DCD314964A}.Ad-Hoc|iPhoneSimulator.Build.0 = Debug|iPhoneSimulator
		{754A0C7F-BF0B-46D6-BEDF-F1DCD314964A}.Ad-Hoc|x64.ActiveCfg = Debug|iPhoneSimulator
		{754A0C7F-BF0B-46D6-BEDF-F1DCD314964A}.Ad-Hoc|x64.Build.0 = Debug|iPhoneSimulator
		{754A0C7F-BF0B-46D6-BEDF-F1DCD314964A}.Ad-Hoc|x86.ActiveCfg = Debug|iPhoneSimulator
		{754A0C7F-BF0B-46D6-BEDF-F1DCD314964A}.Ad-Hoc|x86.Build.0 = Debug|iPhoneSimulator
		{754A0C7F-BF0B-46D6-BEDF-F1DCD314964A}.AppStore|Any CPU.ActiveCfg = Debug|iPhoneSimulator
		{754A0C7F-BF0B-46D6-BEDF-F1DCD314964A}.AppStore|Any CPU.Build.0 = Debug|iPhoneSimulator
		{754A0C7F-BF0B-46D6-BEDF-F1DCD314964A}.AppStore|ARM.ActiveCfg = Debug|iPhoneSimulator
		{754A0C7F-BF0B-46D6-BEDF-F1DCD314964A}.AppStore|ARM.Build.0 = Debug|iPhoneSimulator
		{754A0C7F-BF0B-46D6-BEDF-F1DCD314964A}.AppStore|ARM64.ActiveCfg = Debug|iPhoneSimulator
		{754A0C7F-BF0B-46D6-BEDF-F1DCD314964A}.AppStore|ARM64.Build.0 = Debug|iPhoneSimulator
		{754A0C7F-BF0B-46D6-BEDF-F1DCD314964A}.AppStore|iPhone.ActiveCfg = Debug|iPhoneSimulator
		{754A0C7F-BF0B-46D6-BEDF-F1DCD314964A}.AppStore|iPhone.Build.0 = Debug|iPhoneSimulator
		{754A0C7F-BF0B-46D6-BEDF-F1DCD314964A}.AppStore|iPhoneSimulator.ActiveCfg = Debug|iPhoneSimulator
		{754A0C7F-BF0B-46D6-BEDF-F1DCD314964A}.AppStore|iPhoneSimulator.Build.0 = Debug|iPhoneSimulator
		{754A0C7F-BF0B-46D6-BEDF-F1DCD314964A}.AppStore|x64.ActiveCfg = Debug|iPhoneSimulator
		{754A0C7F-BF0B-46D6-BEDF-F1DCD314964A}.AppStore|x64.Build.0 = Debug|iPhoneSimulator
		{754A0C7F-BF0B-46D6-BEDF-F1DCD314964A}.AppStore|x86.ActiveCfg = Debug|iPhoneSimulator
		{754A0C7F-BF0B-46D6-BEDF-F1DCD314964A}.AppStore|x86.Build.0 = Debug|iPhoneSimulator
		{754A0C7F-BF0B-46D6-BEDF-F1DCD314964A}.Debug|Any CPU.ActiveCfg = Debug|iPhoneSimulator
		{754A0C7F-BF0B-46D6-BEDF-F1DCD314964A}.Debug|ARM.ActiveCfg = Debug|iPhoneSimulator
		{754A0C7F-BF0B-46D6-BEDF-F1DCD314964A}.Debug|ARM64.ActiveCfg = Debug|iPhoneSimulator
		{754A0C7F-BF0B-46D6-BEDF-F1DCD314964A}.Debug|iPhone.ActiveCfg = Debug|iPhoneSimulator
		{754A0C7F-BF0B-46D6-BEDF-F1DCD314964A}.Debug|iPhoneSimulator.ActiveCfg = Debug|iPhoneSimulator
		{754A0C7F-BF0B-46D6-BEDF-F1DCD314964A}.Debug|iPhoneSimulator.Build.0 = Debug|iPhoneSimulator
		{754A0C7F-BF0B-46D6-BEDF-F1DCD314964A}.Debug|x64.ActiveCfg = Debug|iPhoneSimulator
		{754A0C7F-BF0B-46D6-BEDF-F1DCD314964A}.Debug|x86.ActiveCfg = Debug|iPhoneSimulator
		{754A0C7F-BF0B-46D6-BEDF-F1DCD314964A}.Release|Any CPU.ActiveCfg = Release|iPhoneSimulator
		{754A0C7F-BF0B-46D6-BEDF-F1DCD314964A}.Release|ARM.ActiveCfg = Release|iPhoneSimulator
		{754A0C7F-BF0B-46D6-BEDF-F1DCD314964A}.Release|ARM64.ActiveCfg = Release|iPhoneSimulator
		{754A0C7F-BF0B-46D6-BEDF-F1DCD314964A}.Release|iPhone.ActiveCfg = Release|iPhoneSimulator
		{754A0C7F-BF0B-46D6-BEDF-F1DCD314964A}.Release|iPhoneSimulator.ActiveCfg = Release|iPhoneSimulator
		{754A0C7F-BF0B-46D6-BEDF-F1DCD314964A}.Release|iPhoneSimulator.Build.0 = Release|iPhoneSimulator
		{754A0C7F-BF0B-46D6-BEDF-F1DCD314964A}.Release|x64.ActiveCfg = Release|iPhoneSimulator
		{754A0C7F-BF0B-46D6-BEDF-F1DCD314964A}.Release|x86.ActiveCfg = Release|iPhoneSimulator
		{545F2B78-AE97-4E19-8755-D4CEC7CB1FBF}.Ad-Hoc|Any CPU.ActiveCfg = Debug|Any CPU
		{545F2B78-AE97-4E19-8755-D4CEC7CB1FBF}.Ad-Hoc|Any CPU.Build.0 = Debug|Any CPU
		{545F2B78-AE97-4E19-8755-D4CEC7CB1FBF}.Ad-Hoc|ARM.ActiveCfg = Debug|Any CPU
		{545F2B78-AE97-4E19-8755-D4CEC7CB1FBF}.Ad-Hoc|ARM.Build.0 = Debug|Any CPU
		{545F2B78-AE97-4E19-8755-D4CEC7CB1FBF}.Ad-Hoc|ARM64.ActiveCfg = Debug|Any CPU
		{545F2B78-AE97-4E19-8755-D4CEC7CB1FBF}.Ad-Hoc|ARM64.Build.0 = Debug|Any CPU
		{545F2B78-AE97-4E19-8755-D4CEC7CB1FBF}.Ad-Hoc|iPhone.ActiveCfg = Debug|Any CPU
		{545F2B78-AE97-4E19-8755-D4CEC7CB1FBF}.Ad-Hoc|iPhone.Build.0 = Debug|Any CPU
		{545F2B78-AE97-4E19-8755-D4CEC7CB1FBF}.Ad-Hoc|iPhoneSimulator.ActiveCfg = Debug|Any CPU
		{545F2B78-AE97-4E19-8755-D4CEC7CB1FBF}.Ad-Hoc|iPhoneSimulator.Build.0 = Debug|Any CPU
		{545F2B78-AE97-4E19-8755-D4CEC7CB1FBF}.Ad-Hoc|x64.ActiveCfg = Debug|Any CPU
		{545F2B78-AE97-4E19-8755-D4CEC7CB1FBF}.Ad-Hoc|x64.Build.0 = Debug|Any CPU
		{545F2B78-AE97-4E19-8755-D4CEC7CB1FBF}.Ad-Hoc|x86.ActiveCfg = Debug|Any CPU
		{545F2B78-AE97-4E19-8755-D4CEC7CB1FBF}.Ad-Hoc|x86.Build.0 = Debug|Any CPU
		{545F2B78-AE97-4E19-8755-D4CEC7CB1FBF}.AppStore|Any CPU.ActiveCfg = Debug|Any CPU
		{545F2B78-AE97-4E19-8755-D4CEC7CB1FBF}.AppStore|Any CPU.Build.0 = Debug|Any CPU
		{545F2B78-AE97-4E19-8755-D4CEC7CB1FBF}.AppStore|ARM.ActiveCfg = Debug|Any CPU
		{545F2B78-AE97-4E19-8755-D4CEC7CB1FBF}.AppStore|ARM.Build.0 = Debug|Any CPU
		{545F2B78-AE97-4E19-8755-D4CEC7CB1FBF}.AppStore|ARM64.ActiveCfg = Debug|Any CPU
		{545F2B78-AE97-4E19-8755-D4CEC7CB1FBF}.AppStore|ARM64.Build.0 = Debug|Any CPU
		{545F2B78-AE97-4E19-8755-D4CEC7CB1FBF}.AppStore|iPhone.ActiveCfg = Debug|Any CPU
		{545F2B78-AE97-4E19-8755-D4CEC7CB1FBF}.AppStore|iPhone.Build.0 = Debug|Any CPU
		{545F2B78-AE97-4E19-8755-D4CEC7CB1FBF}.AppStore|iPhoneSimulator.ActiveCfg = Debug|Any CPU
		{545F2B78-AE97-4E19-8755-D4CEC7CB1FBF}.AppStore|iPhoneSimulator.Build.0 = Debug|Any CPU
		{545F2B78-AE97-4E19-8755-D4CEC7CB1FBF}.AppStore|x64.ActiveCfg = Debug|Any CPU
		{545F2B78-AE97-4E19-8755-D4CEC7CB1FBF}.AppStore|x64.Build.0 = Debug|Any CPU
		{545F2B78-AE97-4E19-8755-D4CEC7CB1FBF}.AppStore|x86.ActiveCfg = Debug|Any CPU
		{545F2B78-AE97-4E19-8755-D4CEC7CB1FBF}.AppStore|x86.Build.0 = Debug|Any CPU
		{545F2B78-AE97-4E19-8755-D4CEC7CB1FBF}.Debug|Any CPU.ActiveCfg = Debug|Any CPU
		{545F2B78-AE97-4E19-8755-D4CEC7CB1FBF}.Debug|Any CPU.Build.0 = Debug|Any CPU
		{545F2B78-AE97-4E19-8755-D4CEC7CB1FBF}.Debug|ARM.ActiveCfg = Debug|Any CPU
		{545F2B78-AE97-4E19-8755-D4CEC7CB1FBF}.Debug|ARM.Build.0 = Debug|Any CPU
		{545F2B78-AE97-4E19-8755-D4CEC7CB1FBF}.Debug|ARM64.ActiveCfg = Debug|Any CPU
		{545F2B78-AE97-4E19-8755-D4CEC7CB1FBF}.Debug|ARM64.Build.0 = Debug|Any CPU
		{545F2B78-AE97-4E19-8755-D4CEC7CB1FBF}.Debug|iPhone.ActiveCfg = Debug|Any CPU
		{545F2B78-AE97-4E19-8755-D4CEC7CB1FBF}.Debug|iPhone.Build.0 = Debug|Any CPU
		{545F2B78-AE97-4E19-8755-D4CEC7CB1FBF}.Debug|iPhoneSimulator.ActiveCfg = Debug|Any CPU
		{545F2B78-AE97-4E19-8755-D4CEC7CB1FBF}.Debug|iPhoneSimulator.Build.0 = Debug|Any CPU
		{545F2B78-AE97-4E19-8755-D4CEC7CB1FBF}.Debug|x64.ActiveCfg = Debug|Any CPU
		{545F2B78-AE97-4E19-8755-D4CEC7CB1FBF}.Debug|x64.Build.0 = Debug|Any CPU
		{545F2B78-AE97-4E19-8755-D4CEC7CB1FBF}.Debug|x86.ActiveCfg = Debug|Any CPU
		{545F2B78-AE97-4E19-8755-D4CEC7CB1FBF}.Debug|x86.Build.0 = Debug|Any CPU
		{545F2B78-AE97-4E19-8755-D4CEC7CB1FBF}.Release|Any CPU.ActiveCfg = Release|Any CPU
		{545F2B78-AE97-4E19-8755-D4CEC7CB1FBF}.Release|Any CPU.Build.0 = Release|Any CPU
		{545F2B78-AE97-4E19-8755-D4CEC7CB1FBF}.Release|ARM.ActiveCfg = Release|Any CPU
		{545F2B78-AE97-4E19-8755-D4CEC7CB1FBF}.Release|ARM.Build.0 = Release|Any CPU
		{545F2B78-AE97-4E19-8755-D4CEC7CB1FBF}.Release|ARM64.ActiveCfg = Release|Any CPU
		{545F2B78-AE97-4E19-8755-D4CEC7CB1FBF}.Release|ARM64.Build.0 = Release|Any CPU
		{545F2B78-AE97-4E19-8755-D4CEC7CB1FBF}.Release|iPhone.ActiveCfg = Release|Any CPU
		{545F2B78-AE97-4E19-8755-D4CEC7CB1FBF}.Release|iPhone.Build.0 = Release|Any CPU
		{545F2B78-AE97-4E19-8755-D4CEC7CB1FBF}.Release|iPhoneSimulator.ActiveCfg = Release|Any CPU
		{545F2B78-AE97-4E19-8755-D4CEC7CB1FBF}.Release|iPhoneSimulator.Build.0 = Release|Any CPU
		{545F2B78-AE97-4E19-8755-D4CEC7CB1FBF}.Release|x64.ActiveCfg = Release|Any CPU
		{545F2B78-AE97-4E19-8755-D4CEC7CB1FBF}.Release|x64.Build.0 = Release|Any CPU
		{545F2B78-AE97-4E19-8755-D4CEC7CB1FBF}.Release|x86.ActiveCfg = Release|Any CPU
		{545F2B78-AE97-4E19-8755-D4CEC7CB1FBF}.Release|x86.Build.0 = Release|Any CPU
		{A14A0C35-AF76-474D-BAD6-39D7A4566D01}.Ad-Hoc|Any CPU.ActiveCfg = Debug|Any CPU
		{A14A0C35-AF76-474D-BAD6-39D7A4566D01}.Ad-Hoc|Any CPU.Build.0 = Debug|Any CPU
		{A14A0C35-AF76-474D-BAD6-39D7A4566D01}.Ad-Hoc|ARM.ActiveCfg = Debug|Any CPU
		{A14A0C35-AF76-474D-BAD6-39D7A4566D01}.Ad-Hoc|ARM.Build.0 = Debug|Any CPU
		{A14A0C35-AF76-474D-BAD6-39D7A4566D01}.Ad-Hoc|ARM64.ActiveCfg = Debug|Any CPU
		{A14A0C35-AF76-474D-BAD6-39D7A4566D01}.Ad-Hoc|ARM64.Build.0 = Debug|Any CPU
		{A14A0C35-AF76-474D-BAD6-39D7A4566D01}.Ad-Hoc|iPhone.ActiveCfg = Debug|Any CPU
		{A14A0C35-AF76-474D-BAD6-39D7A4566D01}.Ad-Hoc|iPhone.Build.0 = Debug|Any CPU
		{A14A0C35-AF76-474D-BAD6-39D7A4566D01}.Ad-Hoc|iPhoneSimulator.ActiveCfg = Debug|Any CPU
		{A14A0C35-AF76-474D-BAD6-39D7A4566D01}.Ad-Hoc|iPhoneSimulator.Build.0 = Debug|Any CPU
		{A14A0C35-AF76-474D-BAD6-39D7A4566D01}.Ad-Hoc|x64.ActiveCfg = Debug|Any CPU
		{A14A0C35-AF76-474D-BAD6-39D7A4566D01}.Ad-Hoc|x64.Build.0 = Debug|Any CPU
		{A14A0C35-AF76-474D-BAD6-39D7A4566D01}.Ad-Hoc|x86.ActiveCfg = Debug|Any CPU
		{A14A0C35-AF76-474D-BAD6-39D7A4566D01}.Ad-Hoc|x86.Build.0 = Debug|Any CPU
		{A14A0C35-AF76-474D-BAD6-39D7A4566D01}.AppStore|Any CPU.ActiveCfg = Debug|Any CPU
		{A14A0C35-AF76-474D-BAD6-39D7A4566D01}.AppStore|Any CPU.Build.0 = Debug|Any CPU
		{A14A0C35-AF76-474D-BAD6-39D7A4566D01}.AppStore|ARM.ActiveCfg = Debug|Any CPU
		{A14A0C35-AF76-474D-BAD6-39D7A4566D01}.AppStore|ARM.Build.0 = Debug|Any CPU
		{A14A0C35-AF76-474D-BAD6-39D7A4566D01}.AppStore|ARM64.ActiveCfg = Debug|Any CPU
		{A14A0C35-AF76-474D-BAD6-39D7A4566D01}.AppStore|ARM64.Build.0 = Debug|Any CPU
		{A14A0C35-AF76-474D-BAD6-39D7A4566D01}.AppStore|iPhone.ActiveCfg = Debug|Any CPU
		{A14A0C35-AF76-474D-BAD6-39D7A4566D01}.AppStore|iPhone.Build.0 = Debug|Any CPU
		{A14A0C35-AF76-474D-BAD6-39D7A4566D01}.AppStore|iPhoneSimulator.ActiveCfg = Debug|Any CPU
		{A14A0C35-AF76-474D-BAD6-39D7A4566D01}.AppStore|iPhoneSimulator.Build.0 = Debug|Any CPU
		{A14A0C35-AF76-474D-BAD6-39D7A4566D01}.AppStore|x64.ActiveCfg = Debug|Any CPU
		{A14A0C35-AF76-474D-BAD6-39D7A4566D01}.AppStore|x64.Build.0 = Debug|Any CPU
		{A14A0C35-AF76-474D-BAD6-39D7A4566D01}.AppStore|x86.ActiveCfg = Debug|Any CPU
		{A14A0C35-AF76-474D-BAD6-39D7A4566D01}.AppStore|x86.Build.0 = Debug|Any CPU
		{A14A0C35-AF76-474D-BAD6-39D7A4566D01}.Debug|Any CPU.ActiveCfg = Debug|Any CPU
		{A14A0C35-AF76-474D-BAD6-39D7A4566D01}.Debug|Any CPU.Build.0 = Debug|Any CPU
		{A14A0C35-AF76-474D-BAD6-39D7A4566D01}.Debug|ARM.ActiveCfg = Debug|Any CPU
		{A14A0C35-AF76-474D-BAD6-39D7A4566D01}.Debug|ARM.Build.0 = Debug|Any CPU
		{A14A0C35-AF76-474D-BAD6-39D7A4566D01}.Debug|ARM64.ActiveCfg = Debug|Any CPU
		{A14A0C35-AF76-474D-BAD6-39D7A4566D01}.Debug|ARM64.Build.0 = Debug|Any CPU
		{A14A0C35-AF76-474D-BAD6-39D7A4566D01}.Debug|iPhone.ActiveCfg = Debug|Any CPU
		{A14A0C35-AF76-474D-BAD6-39D7A4566D01}.Debug|iPhone.Build.0 = Debug|Any CPU
		{A14A0C35-AF76-474D-BAD6-39D7A4566D01}.Debug|iPhoneSimulator.ActiveCfg = Debug|Any CPU
		{A14A0C35-AF76-474D-BAD6-39D7A4566D01}.Debug|iPhoneSimulator.Build.0 = Debug|Any CPU
		{A14A0C35-AF76-474D-BAD6-39D7A4566D01}.Debug|x64.ActiveCfg = Debug|Any CPU
		{A14A0C35-AF76-474D-BAD6-39D7A4566D01}.Debug|x64.Build.0 = Debug|Any CPU
		{A14A0C35-AF76-474D-BAD6-39D7A4566D01}.Debug|x86.ActiveCfg = Debug|Any CPU
		{A14A0C35-AF76-474D-BAD6-39D7A4566D01}.Debug|x86.Build.0 = Debug|Any CPU
		{A14A0C35-AF76-474D-BAD6-39D7A4566D01}.Release|Any CPU.ActiveCfg = Release|Any CPU
		{A14A0C35-AF76-474D-BAD6-39D7A4566D01}.Release|Any CPU.Build.0 = Release|Any CPU
		{A14A0C35-AF76-474D-BAD6-39D7A4566D01}.Release|ARM.ActiveCfg = Release|Any CPU
		{A14A0C35-AF76-474D-BAD6-39D7A4566D01}.Release|ARM.Build.0 = Release|Any CPU
		{A14A0C35-AF76-474D-BAD6-39D7A4566D01}.Release|ARM64.ActiveCfg = Release|Any CPU
		{A14A0C35-AF76-474D-BAD6-39D7A4566D01}.Release|ARM64.Build.0 = Release|Any CPU
		{A14A0C35-AF76-474D-BAD6-39D7A4566D01}.Release|iPhone.ActiveCfg = Release|Any CPU
		{A14A0C35-AF76-474D-BAD6-39D7A4566D01}.Release|iPhone.Build.0 = Release|Any CPU
		{A14A0C35-AF76-474D-BAD6-39D7A4566D01}.Release|iPhoneSimulator.ActiveCfg = Release|Any CPU
		{A14A0C35-AF76-474D-BAD6-39D7A4566D01}.Release|iPhoneSimulator.Build.0 = Release|Any CPU
		{A14A0C35-AF76-474D-BAD6-39D7A4566D01}.Release|x64.ActiveCfg = Release|Any CPU
		{A14A0C35-AF76-474D-BAD6-39D7A4566D01}.Release|x64.Build.0 = Release|Any CPU
		{A14A0C35-AF76-474D-BAD6-39D7A4566D01}.Release|x86.ActiveCfg = Release|Any CPU
		{A14A0C35-AF76-474D-BAD6-39D7A4566D01}.Release|x86.Build.0 = Release|Any CPU
		{313AFDB6-552D-44CC-B4FE-1DC9FD72F9B1}.Ad-Hoc|Any CPU.ActiveCfg = Debug|Any CPU
		{313AFDB6-552D-44CC-B4FE-1DC9FD72F9B1}.Ad-Hoc|Any CPU.Build.0 = Debug|Any CPU
		{313AFDB6-552D-44CC-B4FE-1DC9FD72F9B1}.Ad-Hoc|ARM.ActiveCfg = Debug|Any CPU
		{313AFDB6-552D-44CC-B4FE-1DC9FD72F9B1}.Ad-Hoc|ARM.Build.0 = Debug|Any CPU
		{313AFDB6-552D-44CC-B4FE-1DC9FD72F9B1}.Ad-Hoc|ARM64.ActiveCfg = Debug|Any CPU
		{313AFDB6-552D-44CC-B4FE-1DC9FD72F9B1}.Ad-Hoc|ARM64.Build.0 = Debug|Any CPU
		{313AFDB6-552D-44CC-B4FE-1DC9FD72F9B1}.Ad-Hoc|iPhone.ActiveCfg = Debug|Any CPU
		{313AFDB6-552D-44CC-B4FE-1DC9FD72F9B1}.Ad-Hoc|iPhone.Build.0 = Debug|Any CPU
		{313AFDB6-552D-44CC-B4FE-1DC9FD72F9B1}.Ad-Hoc|iPhoneSimulator.ActiveCfg = Debug|Any CPU
		{313AFDB6-552D-44CC-B4FE-1DC9FD72F9B1}.Ad-Hoc|iPhoneSimulator.Build.0 = Debug|Any CPU
		{313AFDB6-552D-44CC-B4FE-1DC9FD72F9B1}.Ad-Hoc|x64.ActiveCfg = Debug|Any CPU
		{313AFDB6-552D-44CC-B4FE-1DC9FD72F9B1}.Ad-Hoc|x64.Build.0 = Debug|Any CPU
		{313AFDB6-552D-44CC-B4FE-1DC9FD72F9B1}.Ad-Hoc|x86.ActiveCfg = Debug|Any CPU
		{313AFDB6-552D-44CC-B4FE-1DC9FD72F9B1}.Ad-Hoc|x86.Build.0 = Debug|Any CPU
		{313AFDB6-552D-44CC-B4FE-1DC9FD72F9B1}.AppStore|Any CPU.ActiveCfg = Debug|Any CPU
		{313AFDB6-552D-44CC-B4FE-1DC9FD72F9B1}.AppStore|Any CPU.Build.0 = Debug|Any CPU
		{313AFDB6-552D-44CC-B4FE-1DC9FD72F9B1}.AppStore|ARM.ActiveCfg = Debug|Any CPU
		{313AFDB6-552D-44CC-B4FE-1DC9FD72F9B1}.AppStore|ARM.Build.0 = Debug|Any CPU
		{313AFDB6-552D-44CC-B4FE-1DC9FD72F9B1}.AppStore|ARM64.ActiveCfg = Debug|Any CPU
		{313AFDB6-552D-44CC-B4FE-1DC9FD72F9B1}.AppStore|ARM64.Build.0 = Debug|Any CPU
		{313AFDB6-552D-44CC-B4FE-1DC9FD72F9B1}.AppStore|iPhone.ActiveCfg = Debug|Any CPU
		{313AFDB6-552D-44CC-B4FE-1DC9FD72F9B1}.AppStore|iPhone.Build.0 = Debug|Any CPU
		{313AFDB6-552D-44CC-B4FE-1DC9FD72F9B1}.AppStore|iPhoneSimulator.ActiveCfg = Debug|Any CPU
		{313AFDB6-552D-44CC-B4FE-1DC9FD72F9B1}.AppStore|iPhoneSimulator.Build.0 = Debug|Any CPU
		{313AFDB6-552D-44CC-B4FE-1DC9FD72F9B1}.AppStore|x64.ActiveCfg = Debug|Any CPU
		{313AFDB6-552D-44CC-B4FE-1DC9FD72F9B1}.AppStore|x64.Build.0 = Debug|Any CPU
		{313AFDB6-552D-44CC-B4FE-1DC9FD72F9B1}.AppStore|x86.ActiveCfg = Debug|Any CPU
		{313AFDB6-552D-44CC-B4FE-1DC9FD72F9B1}.AppStore|x86.Build.0 = Debug|Any CPU
		{313AFDB6-552D-44CC-B4FE-1DC9FD72F9B1}.Debug|Any CPU.ActiveCfg = Debug|Any CPU
		{313AFDB6-552D-44CC-B4FE-1DC9FD72F9B1}.Debug|Any CPU.Build.0 = Debug|Any CPU
		{313AFDB6-552D-44CC-B4FE-1DC9FD72F9B1}.Debug|ARM.ActiveCfg = Debug|Any CPU
		{313AFDB6-552D-44CC-B4FE-1DC9FD72F9B1}.Debug|ARM.Build.0 = Debug|Any CPU
		{313AFDB6-552D-44CC-B4FE-1DC9FD72F9B1}.Debug|ARM64.ActiveCfg = Debug|Any CPU
		{313AFDB6-552D-44CC-B4FE-1DC9FD72F9B1}.Debug|ARM64.Build.0 = Debug|Any CPU
		{313AFDB6-552D-44CC-B4FE-1DC9FD72F9B1}.Debug|iPhone.ActiveCfg = Debug|Any CPU
		{313AFDB6-552D-44CC-B4FE-1DC9FD72F9B1}.Debug|iPhone.Build.0 = Debug|Any CPU
		{313AFDB6-552D-44CC-B4FE-1DC9FD72F9B1}.Debug|iPhoneSimulator.ActiveCfg = Debug|Any CPU
		{313AFDB6-552D-44CC-B4FE-1DC9FD72F9B1}.Debug|iPhoneSimulator.Build.0 = Debug|Any CPU
		{313AFDB6-552D-44CC-B4FE-1DC9FD72F9B1}.Debug|x64.ActiveCfg = Debug|Any CPU
		{313AFDB6-552D-44CC-B4FE-1DC9FD72F9B1}.Debug|x64.Build.0 = Debug|Any CPU
		{313AFDB6-552D-44CC-B4FE-1DC9FD72F9B1}.Debug|x86.ActiveCfg = Debug|Any CPU
		{313AFDB6-552D-44CC-B4FE-1DC9FD72F9B1}.Debug|x86.Build.0 = Debug|Any CPU
		{313AFDB6-552D-44CC-B4FE-1DC9FD72F9B1}.Release|Any CPU.ActiveCfg = Release|Any CPU
		{313AFDB6-552D-44CC-B4FE-1DC9FD72F9B1}.Release|Any CPU.Build.0 = Release|Any CPU
		{313AFDB6-552D-44CC-B4FE-1DC9FD72F9B1}.Release|ARM.ActiveCfg = Release|Any CPU
		{313AFDB6-552D-44CC-B4FE-1DC9FD72F9B1}.Release|ARM.Build.0 = Release|Any CPU
		{313AFDB6-552D-44CC-B4FE-1DC9FD72F9B1}.Release|ARM64.ActiveCfg = Release|Any CPU
		{313AFDB6-552D-44CC-B4FE-1DC9FD72F9B1}.Release|ARM64.Build.0 = Release|Any CPU
		{313AFDB6-552D-44CC-B4FE-1DC9FD72F9B1}.Release|iPhone.ActiveCfg = Release|Any CPU
		{313AFDB6-552D-44CC-B4FE-1DC9FD72F9B1}.Release|iPhone.Build.0 = Release|Any CPU
		{313AFDB6-552D-44CC-B4FE-1DC9FD72F9B1}.Release|iPhoneSimulator.ActiveCfg = Release|Any CPU
		{313AFDB6-552D-44CC-B4FE-1DC9FD72F9B1}.Release|iPhoneSimulator.Build.0 = Release|Any CPU
		{313AFDB6-552D-44CC-B4FE-1DC9FD72F9B1}.Release|x64.ActiveCfg = Release|Any CPU
		{313AFDB6-552D-44CC-B4FE-1DC9FD72F9B1}.Release|x64.Build.0 = Release|Any CPU
		{313AFDB6-552D-44CC-B4FE-1DC9FD72F9B1}.Release|x86.ActiveCfg = Release|Any CPU
		{313AFDB6-552D-44CC-B4FE-1DC9FD72F9B1}.Release|x86.Build.0 = Release|Any CPU
		{4C49BDD3-94A8-453B-94DC-8AE5EB441045}.Ad-Hoc|Any CPU.ActiveCfg = Debug|Any CPU
		{4C49BDD3-94A8-453B-94DC-8AE5EB441045}.Ad-Hoc|Any CPU.Build.0 = Debug|Any CPU
		{4C49BDD3-94A8-453B-94DC-8AE5EB441045}.Ad-Hoc|ARM.ActiveCfg = Debug|Any CPU
		{4C49BDD3-94A8-453B-94DC-8AE5EB441045}.Ad-Hoc|ARM.Build.0 = Debug|Any CPU
		{4C49BDD3-94A8-453B-94DC-8AE5EB441045}.Ad-Hoc|ARM64.ActiveCfg = Debug|Any CPU
		{4C49BDD3-94A8-453B-94DC-8AE5EB441045}.Ad-Hoc|ARM64.Build.0 = Debug|Any CPU
		{4C49BDD3-94A8-453B-94DC-8AE5EB441045}.Ad-Hoc|iPhone.ActiveCfg = Debug|Any CPU
		{4C49BDD3-94A8-453B-94DC-8AE5EB441045}.Ad-Hoc|iPhone.Build.0 = Debug|Any CPU
		{4C49BDD3-94A8-453B-94DC-8AE5EB441045}.Ad-Hoc|iPhoneSimulator.ActiveCfg = Debug|Any CPU
		{4C49BDD3-94A8-453B-94DC-8AE5EB441045}.Ad-Hoc|iPhoneSimulator.Build.0 = Debug|Any CPU
		{4C49BDD3-94A8-453B-94DC-8AE5EB441045}.Ad-Hoc|x64.ActiveCfg = Debug|Any CPU
		{4C49BDD3-94A8-453B-94DC-8AE5EB441045}.Ad-Hoc|x64.Build.0 = Debug|Any CPU
		{4C49BDD3-94A8-453B-94DC-8AE5EB441045}.Ad-Hoc|x86.ActiveCfg = Debug|Any CPU
		{4C49BDD3-94A8-453B-94DC-8AE5EB441045}.Ad-Hoc|x86.Build.0 = Debug|Any CPU
		{4C49BDD3-94A8-453B-94DC-8AE5EB441045}.AppStore|Any CPU.ActiveCfg = Debug|Any CPU
		{4C49BDD3-94A8-453B-94DC-8AE5EB441045}.AppStore|Any CPU.Build.0 = Debug|Any CPU
		{4C49BDD3-94A8-453B-94DC-8AE5EB441045}.AppStore|ARM.ActiveCfg = Debug|Any CPU
		{4C49BDD3-94A8-453B-94DC-8AE5EB441045}.AppStore|ARM.Build.0 = Debug|Any CPU
		{4C49BDD3-94A8-453B-94DC-8AE5EB441045}.AppStore|ARM64.ActiveCfg = Debug|Any CPU
		{4C49BDD3-94A8-453B-94DC-8AE5EB441045}.AppStore|ARM64.Build.0 = Debug|Any CPU
		{4C49BDD3-94A8-453B-94DC-8AE5EB441045}.AppStore|iPhone.ActiveCfg = Debug|Any CPU
		{4C49BDD3-94A8-453B-94DC-8AE5EB441045}.AppStore|iPhone.Build.0 = Debug|Any CPU
		{4C49BDD3-94A8-453B-94DC-8AE5EB441045}.AppStore|iPhoneSimulator.ActiveCfg = Debug|Any CPU
		{4C49BDD3-94A8-453B-94DC-8AE5EB441045}.AppStore|iPhoneSimulator.Build.0 = Debug|Any CPU
		{4C49BDD3-94A8-453B-94DC-8AE5EB441045}.AppStore|x64.ActiveCfg = Debug|Any CPU
		{4C49BDD3-94A8-453B-94DC-8AE5EB441045}.AppStore|x64.Build.0 = Debug|Any CPU
		{4C49BDD3-94A8-453B-94DC-8AE5EB441045}.AppStore|x86.ActiveCfg = Debug|Any CPU
		{4C49BDD3-94A8-453B-94DC-8AE5EB441045}.AppStore|x86.Build.0 = Debug|Any CPU
		{4C49BDD3-94A8-453B-94DC-8AE5EB441045}.Debug|Any CPU.ActiveCfg = Debug|Any CPU
		{4C49BDD3-94A8-453B-94DC-8AE5EB441045}.Debug|Any CPU.Build.0 = Debug|Any CPU
		{4C49BDD3-94A8-453B-94DC-8AE5EB441045}.Debug|ARM.ActiveCfg = Debug|Any CPU
		{4C49BDD3-94A8-453B-94DC-8AE5EB441045}.Debug|ARM.Build.0 = Debug|Any CPU
		{4C49BDD3-94A8-453B-94DC-8AE5EB441045}.Debug|ARM64.ActiveCfg = Debug|Any CPU
		{4C49BDD3-94A8-453B-94DC-8AE5EB441045}.Debug|ARM64.Build.0 = Debug|Any CPU
		{4C49BDD3-94A8-453B-94DC-8AE5EB441045}.Debug|iPhone.ActiveCfg = Debug|Any CPU
		{4C49BDD3-94A8-453B-94DC-8AE5EB441045}.Debug|iPhone.Build.0 = Debug|Any CPU
		{4C49BDD3-94A8-453B-94DC-8AE5EB441045}.Debug|iPhoneSimulator.ActiveCfg = Debug|Any CPU
		{4C49BDD3-94A8-453B-94DC-8AE5EB441045}.Debug|iPhoneSimulator.Build.0 = Debug|Any CPU
		{4C49BDD3-94A8-453B-94DC-8AE5EB441045}.Debug|x64.ActiveCfg = Debug|Any CPU
		{4C49BDD3-94A8-453B-94DC-8AE5EB441045}.Debug|x64.Build.0 = Debug|Any CPU
		{4C49BDD3-94A8-453B-94DC-8AE5EB441045}.Debug|x86.ActiveCfg = Debug|Any CPU
		{4C49BDD3-94A8-453B-94DC-8AE5EB441045}.Debug|x86.Build.0 = Debug|Any CPU
		{4C49BDD3-94A8-453B-94DC-8AE5EB441045}.Release|Any CPU.ActiveCfg = Release|Any CPU
		{4C49BDD3-94A8-453B-94DC-8AE5EB441045}.Release|Any CPU.Build.0 = Release|Any CPU
		{4C49BDD3-94A8-453B-94DC-8AE5EB441045}.Release|ARM.ActiveCfg = Release|Any CPU
		{4C49BDD3-94A8-453B-94DC-8AE5EB441045}.Release|ARM.Build.0 = Release|Any CPU
		{4C49BDD3-94A8-453B-94DC-8AE5EB441045}.Release|ARM64.ActiveCfg = Release|Any CPU
		{4C49BDD3-94A8-453B-94DC-8AE5EB441045}.Release|ARM64.Build.0 = Release|Any CPU
		{4C49BDD3-94A8-453B-94DC-8AE5EB441045}.Release|iPhone.ActiveCfg = Release|Any CPU
		{4C49BDD3-94A8-453B-94DC-8AE5EB441045}.Release|iPhone.Build.0 = Release|Any CPU
		{4C49BDD3-94A8-453B-94DC-8AE5EB441045}.Release|iPhoneSimulator.ActiveCfg = Release|Any CPU
		{4C49BDD3-94A8-453B-94DC-8AE5EB441045}.Release|iPhoneSimulator.Build.0 = Release|Any CPU
		{4C49BDD3-94A8-453B-94DC-8AE5EB441045}.Release|x64.ActiveCfg = Release|Any CPU
		{4C49BDD3-94A8-453B-94DC-8AE5EB441045}.Release|x64.Build.0 = Release|Any CPU
		{4C49BDD3-94A8-453B-94DC-8AE5EB441045}.Release|x86.ActiveCfg = Release|Any CPU
		{4C49BDD3-94A8-453B-94DC-8AE5EB441045}.Release|x86.Build.0 = Release|Any CPU
		{9AE478DC-03C7-41A4-A814-4162D6ADD883}.Ad-Hoc|Any CPU.ActiveCfg = Debug|Any CPU
		{9AE478DC-03C7-41A4-A814-4162D6ADD883}.Ad-Hoc|Any CPU.Build.0 = Debug|Any CPU
		{9AE478DC-03C7-41A4-A814-4162D6ADD883}.Ad-Hoc|ARM.ActiveCfg = Debug|Any CPU
		{9AE478DC-03C7-41A4-A814-4162D6ADD883}.Ad-Hoc|ARM.Build.0 = Debug|Any CPU
		{9AE478DC-03C7-41A4-A814-4162D6ADD883}.Ad-Hoc|ARM64.ActiveCfg = Debug|Any CPU
		{9AE478DC-03C7-41A4-A814-4162D6ADD883}.Ad-Hoc|ARM64.Build.0 = Debug|Any CPU
		{9AE478DC-03C7-41A4-A814-4162D6ADD883}.Ad-Hoc|iPhone.ActiveCfg = Debug|Any CPU
		{9AE478DC-03C7-41A4-A814-4162D6ADD883}.Ad-Hoc|iPhone.Build.0 = Debug|Any CPU
		{9AE478DC-03C7-41A4-A814-4162D6ADD883}.Ad-Hoc|iPhoneSimulator.ActiveCfg = Debug|Any CPU
		{9AE478DC-03C7-41A4-A814-4162D6ADD883}.Ad-Hoc|iPhoneSimulator.Build.0 = Debug|Any CPU
		{9AE478DC-03C7-41A4-A814-4162D6ADD883}.Ad-Hoc|x64.ActiveCfg = Debug|Any CPU
		{9AE478DC-03C7-41A4-A814-4162D6ADD883}.Ad-Hoc|x64.Build.0 = Debug|Any CPU
		{9AE478DC-03C7-41A4-A814-4162D6ADD883}.Ad-Hoc|x86.ActiveCfg = Debug|Any CPU
		{9AE478DC-03C7-41A4-A814-4162D6ADD883}.Ad-Hoc|x86.Build.0 = Debug|Any CPU
		{9AE478DC-03C7-41A4-A814-4162D6ADD883}.AppStore|Any CPU.ActiveCfg = Debug|Any CPU
		{9AE478DC-03C7-41A4-A814-4162D6ADD883}.AppStore|Any CPU.Build.0 = Debug|Any CPU
		{9AE478DC-03C7-41A4-A814-4162D6ADD883}.AppStore|ARM.ActiveCfg = Debug|Any CPU
		{9AE478DC-03C7-41A4-A814-4162D6ADD883}.AppStore|ARM.Build.0 = Debug|Any CPU
		{9AE478DC-03C7-41A4-A814-4162D6ADD883}.AppStore|ARM64.ActiveCfg = Debug|Any CPU
		{9AE478DC-03C7-41A4-A814-4162D6ADD883}.AppStore|ARM64.Build.0 = Debug|Any CPU
		{9AE478DC-03C7-41A4-A814-4162D6ADD883}.AppStore|iPhone.ActiveCfg = Debug|Any CPU
		{9AE478DC-03C7-41A4-A814-4162D6ADD883}.AppStore|iPhone.Build.0 = Debug|Any CPU
		{9AE478DC-03C7-41A4-A814-4162D6ADD883}.AppStore|iPhoneSimulator.ActiveCfg = Debug|Any CPU
		{9AE478DC-03C7-41A4-A814-4162D6ADD883}.AppStore|iPhoneSimulator.Build.0 = Debug|Any CPU
		{9AE478DC-03C7-41A4-A814-4162D6ADD883}.AppStore|x64.ActiveCfg = Debug|Any CPU
		{9AE478DC-03C7-41A4-A814-4162D6ADD883}.AppStore|x64.Build.0 = Debug|Any CPU
		{9AE478DC-03C7-41A4-A814-4162D6ADD883}.AppStore|x86.ActiveCfg = Debug|Any CPU
		{9AE478DC-03C7-41A4-A814-4162D6ADD883}.AppStore|x86.Build.0 = Debug|Any CPU
		{9AE478DC-03C7-41A4-A814-4162D6ADD883}.Debug|Any CPU.ActiveCfg = Debug|Any CPU
		{9AE478DC-03C7-41A4-A814-4162D6ADD883}.Debug|Any CPU.Build.0 = Debug|Any CPU
		{9AE478DC-03C7-41A4-A814-4162D6ADD883}.Debug|ARM.ActiveCfg = Debug|Any CPU
		{9AE478DC-03C7-41A4-A814-4162D6ADD883}.Debug|ARM.Build.0 = Debug|Any CPU
		{9AE478DC-03C7-41A4-A814-4162D6ADD883}.Debug|ARM64.ActiveCfg = Debug|Any CPU
		{9AE478DC-03C7-41A4-A814-4162D6ADD883}.Debug|ARM64.Build.0 = Debug|Any CPU
		{9AE478DC-03C7-41A4-A814-4162D6ADD883}.Debug|iPhone.ActiveCfg = Debug|Any CPU
		{9AE478DC-03C7-41A4-A814-4162D6ADD883}.Debug|iPhone.Build.0 = Debug|Any CPU
		{9AE478DC-03C7-41A4-A814-4162D6ADD883}.Debug|iPhoneSimulator.ActiveCfg = Debug|Any CPU
		{9AE478DC-03C7-41A4-A814-4162D6ADD883}.Debug|iPhoneSimulator.Build.0 = Debug|Any CPU
		{9AE478DC-03C7-41A4-A814-4162D6ADD883}.Debug|x64.ActiveCfg = Debug|Any CPU
		{9AE478DC-03C7-41A4-A814-4162D6ADD883}.Debug|x64.Build.0 = Debug|Any CPU
		{9AE478DC-03C7-41A4-A814-4162D6ADD883}.Debug|x86.ActiveCfg = Debug|Any CPU
		{9AE478DC-03C7-41A4-A814-4162D6ADD883}.Debug|x86.Build.0 = Debug|Any CPU
		{9AE478DC-03C7-41A4-A814-4162D6ADD883}.Release|Any CPU.ActiveCfg = Release|Any CPU
		{9AE478DC-03C7-41A4-A814-4162D6ADD883}.Release|Any CPU.Build.0 = Release|Any CPU
		{9AE478DC-03C7-41A4-A814-4162D6ADD883}.Release|ARM.ActiveCfg = Release|Any CPU
		{9AE478DC-03C7-41A4-A814-4162D6ADD883}.Release|ARM.Build.0 = Release|Any CPU
		{9AE478DC-03C7-41A4-A814-4162D6ADD883}.Release|ARM64.ActiveCfg = Release|Any CPU
		{9AE478DC-03C7-41A4-A814-4162D6ADD883}.Release|ARM64.Build.0 = Release|Any CPU
		{9AE478DC-03C7-41A4-A814-4162D6ADD883}.Release|iPhone.ActiveCfg = Release|Any CPU
		{9AE478DC-03C7-41A4-A814-4162D6ADD883}.Release|iPhone.Build.0 = Release|Any CPU
		{9AE478DC-03C7-41A4-A814-4162D6ADD883}.Release|iPhoneSimulator.ActiveCfg = Release|Any CPU
		{9AE478DC-03C7-41A4-A814-4162D6ADD883}.Release|iPhoneSimulator.Build.0 = Release|Any CPU
		{9AE478DC-03C7-41A4-A814-4162D6ADD883}.Release|x64.ActiveCfg = Release|Any CPU
		{9AE478DC-03C7-41A4-A814-4162D6ADD883}.Release|x64.Build.0 = Release|Any CPU
		{9AE478DC-03C7-41A4-A814-4162D6ADD883}.Release|x86.ActiveCfg = Release|Any CPU
		{9AE478DC-03C7-41A4-A814-4162D6ADD883}.Release|x86.Build.0 = Release|Any CPU
	EndGlobalSection
	GlobalSection(SolutionProperties) = preSolution
		HideSolutionNode = FALSE
	EndGlobalSection
	GlobalSection(NestedProjects) = preSolution
		{486ADCB3-D4B2-4CC7-B1F7-FCC248660D7F} = {2EF9719C-32FC-4188-B95F-0BC3D277AE63}
		{BA711F4D-8D90-4ADB-BF46-42C755C692A9} = {2EF9719C-32FC-4188-B95F-0BC3D277AE63}
		{0CB437FE-4866-48CC-BE6B-4962F5B55A7C} = {2EF9719C-32FC-4188-B95F-0BC3D277AE63}
		{A70913A4-8081-4B60-880D-AF8DC2C1AD99} = {2EF9719C-32FC-4188-B95F-0BC3D277AE63}
		{754A0C7F-BF0B-46D6-BEDF-F1DCD314964A} = {2EF9719C-32FC-4188-B95F-0BC3D277AE63}
		{545F2B78-AE97-4E19-8755-D4CEC7CB1FBF} = {2EF9719C-32FC-4188-B95F-0BC3D277AE63}
		{A14A0C35-AF76-474D-BAD6-39D7A4566D01} = {2EF9719C-32FC-4188-B95F-0BC3D277AE63}
		{313AFDB6-552D-44CC-B4FE-1DC9FD72F9B1} = {2EF9719C-32FC-4188-B95F-0BC3D277AE63}
		{4C49BDD3-94A8-453B-94DC-8AE5EB441045} = {2EF9719C-32FC-4188-B95F-0BC3D277AE63}
	EndGlobalSection
	GlobalSection(ExtensibilityGlobals) = postSolution
		SolutionGuid = {D3A60F34-1E45-4608-9973-11CB650387D9}
	EndGlobalSection
EndGlobal
